{
  "name": "csv-validator",
  "version": "1.5.1",
  "lockfileVersion": 3,
  "requires": true,
  "packages": {
    "": {
      "name": "csv-validator",
      "version": "1.0.0",
      "license": "ISC",
      "dependencies": {
        "brazilian-values": "^0.13.0"
      }
    },
    "node_modules/brazilian-values": {
      "version": "0.13.0",
      "resolved": "https://registry.npmjs.org/brazilian-values/-/brazilian-values-0.13.0.tgz",
      "integrity": "sha512-gpEgD2+LUh0irOj2EfQsGm1uRcX+Pb+1qSLJtUYFUVkJi+NUc0uGa0TWDof36d0D+jrQpP4h8Vi5GIhT6bmjzw=="
    }
  }
}
